
Microsoft Visual Studio Solution File, Format Version 12.00
# Visual Studio Version 16
VisualStudioVersion = 16.0.31402.337
MinimumVisualStudioVersion = 10.0.40219.1
Project("{FAE04EC0-301F-11D3-BF4B-00C04F79EFBC}") = "KampIntro", "KampIntro\KampIntro.csproj", "{881CB806-6912-46C8-8E53-E9C45F7DFF06}"
EndProject
Project("{FAE04EC0-301F-11D3-BF4B-00C04F79EFBC}") = "Donguler", "Donguler\Donguler.csproj", "{871394B4-5CB2-4063-8AA2-5105A6ED4BB2}"
EndProject
Project("{FAE04EC0-301F-11D3-BF4B-00C04F79EFBC}") = "ClassIntro", "ClassIntro\ClassIntro.csproj", "{B7BC44B0-D682-4D6F-97FF-5CD96EF0A8FF}"
EndProject
Global
	GlobalSection(SolutionConfigurationPlatforms) = preSolution
		Debug|Any CPU = Debug|Any CPU
		Release|Any CPU = Release|Any CPU
	EndGlobalSection
	GlobalSection(ProjectConfigurationPlatforms) = postSolution
		{881CB806-6912-46C8-8E53-E9C45F7DFF06}.Debug|Any CPU.ActiveCfg = Debug|Any CPU
		{881CB806-6912-46C8-8E53-E9C45F7DFF06}.Debug|Any CPU.Build.0 = Debug|Any CPU
		{881CB806-6912-46C8-8E53-E9C45F7DFF06}.Release|Any CPU.ActiveCfg = Release|Any CPU
		{881CB806-6912-46C8-8E53-E9C45F7DFF06}.Release|Any CPU.Build.0 = Release|Any CPU
		{871394B4-5CB2-4063-8AA2-5105A6ED4BB2}.Debug|Any CPU.ActiveCfg = Debug|Any CPU
		{871394B4-5CB2-4063-8AA2-5105A6ED4BB2}.Debug|Any CPU.Build.0 = Debug|Any CPU
		{871394B4-5CB2-4063-8AA2-5105A6ED4BB2}.Release|Any CPU.ActiveCfg = Release|Any CPU
		{871394B4-5CB2-4063-8AA2-5105A6ED4BB2}.Release|Any CPU.Build.0 = Release|Any CPU
		{B7BC44B0-D682-4D6F-97FF-5CD96EF0A8FF}.Debug|Any CPU.ActiveCfg = Debug|Any CPU
		{B7BC44B0-D682-4D6F-97FF-5CD96EF0A8FF}.Debug|Any CPU.Build.0 = Debug|Any CPU
		{B7BC44B0-D682-4D6F-97FF-5CD96EF0A8FF}.Release|Any CPU.ActiveCfg = Release|Any CPU
		{B7BC44B0-D682-4D6F-97FF-5CD96EF0A8FF}.Release|Any CPU.Build.0 = Release|Any CPU
	EndGlobalSection
	GlobalSection(SolutionProperties) = preSolution
		HideSolutionNode = FALSE
	EndGlobalSection
	GlobalSection(ExtensibilityGlobals) = postSolution
		SolutionGuid = {F2A6DAA2-493F-4D02-8506-232B244AAAC2}
	EndGlobalSection
EndGlobal
